
Microsoft Visual Studio Solution File, Format Version 12.00
# Visual Studio Version 17
VisualStudioVersion = 17.4.33213.308
MinimumVisualStudioVersion = 10.0.40219.1
Project("{FAE04EC0-301F-11D3-BF4B-00C04F79EFBC}") = "modul6_1302213050", "modul6_1302213050\modul6_1302213050.csproj", "{EDB54C0D-46B5-4FB6-89F6-11A466CBBD09}"
EndProject
Global
	GlobalSection(SolutionConfigurationPlatforms) = preSolution
		Debug|Any CPU = Debug|Any CPU
		Release|Any CPU = Release|Any CPU
	EndGlobalSection
	GlobalSection(ProjectConfigurationPlatforms) = postSolution
		{EDB54C0D-46B5-4FB6-89F6-11A466CBBD09}.Debug|Any CPU.ActiveCfg = Debug|Any CPU
		{EDB54C0D-46B5-4FB6-89F6-11A466CBBD09}.Debug|Any CPU.Build.0 = Debug|Any CPU
		{EDB54C0D-46B5-4FB6-89F6-11A466CBBD09}.Release|Any CPU.ActiveCfg = Release|Any CPU
		{EDB54C0D-46B5-4FB6-89F6-11A466CBBD09}.Release|Any CPU.Build.0 = Release|Any CPU
	EndGlobalSection
	GlobalSection(SolutionProperties) = preSolution
		HideSolutionNode = FALSE
	EndGlobalSection
	GlobalSection(ExtensibilityGlobals) = postSolution
		SolutionGuid = {A445CA71-B26F-4619-BE90-BFB6EA2B9596}
	EndGlobalSection
EndGlobal
